
Microsoft Visual Studio Solution File, Format Version 12.00
# Visual Studio Version 16
VisualStudioVersion = 16.0.29926.136
MinimumVisualStudioVersion = 10.0.40219.1
Project("{FAE04EC0-301F-11D3-BF4B-00C04F79EFBC}") = "TechnicalTask", "TechnicalTask\TechnicalTask.csproj", "{327D6941-CCD8-4992-813E-00AB4BD4C618}"
EndProject
Global
	GlobalSection(SolutionConfigurationPlatforms) = preSolution
		Debug|Any CPU = Debug|Any CPU
		Release|Any CPU = Release|Any CPU
	EndGlobalSection
	GlobalSection(ProjectConfigurationPlatforms) = postSolution
		{327D6941-CCD8-4992-813E-00AB4BD4C618}.Debug|Any CPU.ActiveCfg = Debug|Any CPU
		{327D6941-CCD8-4992-813E-00AB4BD4C618}.Debug|Any CPU.Build.0 = Debug|Any CPU
		{327D6941-CCD8-4992-813E-00AB4BD4C618}.Release|Any CPU.ActiveCfg = Release|Any CPU
		{327D6941-CCD8-4992-813E-00AB4BD4C618}.Release|Any CPU.Build.0 = Release|Any CPU
	EndGlobalSection
	GlobalSection(SolutionProperties) = preSolution
		HideSolutionNode = FALSE
	EndGlobalSection
	GlobalSection(ExtensibilityGlobals) = postSolution
		SolutionGuid = {27E6921E-DB7E-4E39-AC23-D188D50A85FF}
	EndGlobalSection
EndGlobal
